
Microsoft Visual Studio Solution File, Format Version 12.00
# Visual Studio Version 16
VisualStudioVersion = 16.0.31005.135
MinimumVisualStudioVersion = 10.0.40219.1
Project("{2150E333-8FDC-42A3-9474-1A3956D46DE8}") = "SearchAlgorithm", "SearchAlgorithm", "{CB55527D-0A59-4AC5-A46F-A10C273A4561}"
EndProject
Project("{FAE04EC0-301F-11D3-BF4B-00C04F79EFBC}") = "BinarySearch", "BinarySearch\BinarySearch.csproj", "{1332C4C5-7957-4FF0-A76D-102E21FBC6B2}"
EndProject
Project("{FAE04EC0-301F-11D3-BF4B-00C04F79EFBC}") = "InterpolationSearch", "InterpolationSearch\InterpolationSearch.csproj", "{4AC889B1-9F8B-410B-97A1-B0D15869BFD6}"
EndProject
Project("{FAE04EC0-301F-11D3-BF4B-00C04F79EFBC}") = "SequentialSearch", "SequentialSearch\SequentialSearch.csproj", "{B403D5E3-F527-4594-8157-0FAD1D5F59F4}"
EndProject
Global
	GlobalSection(SolutionConfigurationPlatforms) = preSolution
		Debug|Any CPU = Debug|Any CPU
		Release|Any CPU = Release|Any CPU
	EndGlobalSection
	GlobalSection(ProjectConfigurationPlatforms) = postSolution
		{1332C4C5-7957-4FF0-A76D-102E21FBC6B2}.Debug|Any CPU.ActiveCfg = Debug|Any CPU
		{1332C4C5-7957-4FF0-A76D-102E21FBC6B2}.Debug|Any CPU.Build.0 = Debug|Any CPU
		{1332C4C5-7957-4FF0-A76D-102E21FBC6B2}.Release|Any CPU.ActiveCfg = Release|Any CPU
		{1332C4C5-7957-4FF0-A76D-102E21FBC6B2}.Release|Any CPU.Build.0 = Release|Any CPU
		{4AC889B1-9F8B-410B-97A1-B0D15869BFD6}.Debug|Any CPU.ActiveCfg = Debug|Any CPU
		{4AC889B1-9F8B-410B-97A1-B0D15869BFD6}.Debug|Any CPU.Build.0 = Debug|Any CPU
		{4AC889B1-9F8B-410B-97A1-B0D15869BFD6}.Release|Any CPU.ActiveCfg = Release|Any CPU
		{4AC889B1-9F8B-410B-97A1-B0D15869BFD6}.Release|Any CPU.Build.0 = Release|Any CPU
		{B403D5E3-F527-4594-8157-0FAD1D5F59F4}.Debug|Any CPU.ActiveCfg = Debug|Any CPU
		{B403D5E3-F527-4594-8157-0FAD1D5F59F4}.Debug|Any CPU.Build.0 = Debug|Any CPU
		{B403D5E3-F527-4594-8157-0FAD1D5F59F4}.Release|Any CPU.ActiveCfg = Release|Any CPU
		{B403D5E3-F527-4594-8157-0FAD1D5F59F4}.Release|Any CPU.Build.0 = Release|Any CPU
	EndGlobalSection
	GlobalSection(SolutionProperties) = preSolution
		HideSolutionNode = FALSE
	EndGlobalSection
	GlobalSection(NestedProjects) = preSolution
		{1332C4C5-7957-4FF0-A76D-102E21FBC6B2} = {CB55527D-0A59-4AC5-A46F-A10C273A4561}
		{4AC889B1-9F8B-410B-97A1-B0D15869BFD6} = {CB55527D-0A59-4AC5-A46F-A10C273A4561}
		{B403D5E3-F527-4594-8157-0FAD1D5F59F4} = {CB55527D-0A59-4AC5-A46F-A10C273A4561}
	EndGlobalSection
	GlobalSection(ExtensibilityGlobals) = postSolution
		SolutionGuid = {7F58DDB3-8273-4EE6-9243-1D2971C1BED1}
	EndGlobalSection
EndGlobal
