
Microsoft Visual Studio Solution File, Format Version 12.00
# Visual Studio Version 16
VisualStudioVersion = 16.0.31005.135
MinimumVisualStudioVersion = 10.0.40219.1
Project("{2150E333-8FDC-42A3-9474-1A3956D46DE8}") = "SearchAlgorithm", "SearchAlgorithm", "{CB55527D-0A59-4AC5-A46F-A10C273A4561}"
EndProject
Project("{9A19103F-16F7-4668-BE54-9A1E7A4F7556}") = "BinarySearch", "BinarySearch\BinarySearch.csproj", "{1332C4C5-7957-4FF0-A76D-102E21FBC6B2}"
EndProject
Project("{9A19103F-16F7-4668-BE54-9A1E7A4F7556}") = "InterpolationSearch", "InterpolationSearch\InterpolationSearch.csproj", "{4AC889B1-9F8B-410B-97A1-B0D15869BFD6}"
EndProject
Project("{9A19103F-16F7-4668-BE54-9A1E7A4F7556}") = "SequentialSearch", "SequentialSearch\SequentialSearch.csproj", "{B403D5E3-F527-4594-8157-0FAD1D5F59F4}"
EndProject
Project("{2150E333-8FDC-42A3-9474-1A3956D46DE8}") = "SortingAlgorithm", "SortingAlgorithm", "{75876B58-A2BB-4554-B8EE-72F5B02DE18A}"
EndProject
Project("{9A19103F-16F7-4668-BE54-9A1E7A4F7556}") = "BubbleSort", "BubbleSort\BubbleSort.csproj", "{F7E35C58-31AC-44BA-B481-2F5C1E579066}"
EndProject
Project("{9A19103F-16F7-4668-BE54-9A1E7A4F7556}") = "HeapTreeSort", "HeapTreeSort\HeapTreeSort.csproj", "{81A3A4FA-CB20-441B-9552-551238C4FCAD}"
EndProject
Project("{9A19103F-16F7-4668-BE54-9A1E7A4F7556}") = "InsertSort", "InsertSort\InsertSort.csproj", "{B77FE7AC-2B68-442E-B48F-5EF88A1025DA}"
EndProject
Project("{9A19103F-16F7-4668-BE54-9A1E7A4F7556}") = "MergeSort", "MergeSort\MergeSort.csproj", "{E7FE7996-233B-47BC-B6E6-F93314DAB337}"
EndProject
Project("{9A19103F-16F7-4668-BE54-9A1E7A4F7556}") = "QuickSort", "QuickSort\QuickSort.csproj", "{8D26B6A7-34A0-474C-A1C1-4229EE2A3A1F}"
EndProject
Project("{9A19103F-16F7-4668-BE54-9A1E7A4F7556}") = "RadixSort", "RadixSort\RadixSort.csproj", "{CFB3B724-2C21-44DC-ACDE-B4EE99D5E608}"
EndProject
Project("{9A19103F-16F7-4668-BE54-9A1E7A4F7556}") = "SelectionSort", "SelectionSort\SelectionSort.csproj", "{720A41DF-CD91-449F-AA88-97ADF78FA32E}"
EndProject
Project("{9A19103F-16F7-4668-BE54-9A1E7A4F7556}") = "ShellSort", "ShellSort\ShellSort.csproj", "{C37E850D-560C-4FA9-8D54-CC939153DAB7}"
EndProject
Project("{2150E333-8FDC-42A3-9474-1A3956D46DE8}") = "ImplementationStack", "ImplementationStack", "{9BE0628F-1CE6-4C96-B1AE-77A6486F82B8}"
EndProject
Project("{9A19103F-16F7-4668-BE54-9A1E7A4F7556}") = "StackArray", "StackArray\StackArray.csproj", "{B908D900-03E1-4544-B92E-A662E38D84F4}"
EndProject
Project("{9A19103F-16F7-4668-BE54-9A1E7A4F7556}") = "StackList", "StackList\StackList.csproj", "{1D6A4363-A440-4FDC-B5B8-370CC959EC02}"
EndProject
Project("{9A19103F-16F7-4668-BE54-9A1E7A4F7556}") = "EightQueens", "EightQueens\EightQueens.csproj", "{8EF3F7BD-94DC-4DA0-9F31-F5A27A617A9F}"
EndProject
Project("{9A19103F-16F7-4668-BE54-9A1E7A4F7556}") = "TowerOfHanoi", "TowerOfHanoi\TowerOfHanoi.csproj", "{93C0D236-D62D-4F79-8BE9-891753A95F38}"
EndProject
Project("{2150E333-8FDC-42A3-9474-1A3956D46DE8}") = "ImplementationQueue", "ImplementationQueue", "{057F9178-A404-45FD-B8B7-5AF0B8E02EFF}"
EndProject
Project("{9A19103F-16F7-4668-BE54-9A1E7A4F7556}") = "QueueArray", "QueueArray\QueueArray.csproj", "{2F6EFEF5-3D2A-4BC7-A76F-E4D757DE63AA}"
EndProject
Project("{9A19103F-16F7-4668-BE54-9A1E7A4F7556}") = "QueueList", "QueueList\QueueList.csproj", "{ED1EBD6D-498A-47E8-A730-89FC60B940BA}"
EndProject
Project("{9A19103F-16F7-4668-BE54-9A1E7A4F7556}") = "Shuffle", "Shuffle\Shuffle.csproj", "{CA634775-0B6A-4E61-A0FD-AC4D59E773A4}"
EndProject
Project("{2150E333-8FDC-42A3-9474-1A3956D46DE8}") = "ImplementationHash", "ImplementationHash", "{DE23A0CF-8014-4DE5-A2A2-CBE6C32F6D38}"
EndProject
Project("{9A19103F-16F7-4668-BE54-9A1E7A4F7556}") = "Linear", "Linear\Linear.csproj", "{5E87A0E5-42FE-42D8-8809-A8DE0A647697}"
EndProject
Project("{9A19103F-16F7-4668-BE54-9A1E7A4F7556}") = "LinkedList", "LinkedList\LinkedList.csproj", "{1A8146AC-73B3-42A8-9E78-445A75B047D4}"
EndProject
Project("{2150E333-8FDC-42A3-9474-1A3956D46DE8}") = "ImplementationArray", "ImplementationArray", "{9E5569C5-57E4-4F7D-9368-9B9DD9C840CA}"
EndProject
Project("{9A19103F-16F7-4668-BE54-9A1E7A4F7556}") = "Polynomial", "Polynomial\Polynomial.csproj", "{3843FF36-077C-41C3-96F8-B58C882D6BB6}"
EndProject
Project("{9A19103F-16F7-4668-BE54-9A1E7A4F7556}") = "MatrixAdd", "MatrixAdd\MatrixAdd.csproj", "{9073EC0E-67AD-4B30-9545-F1CA78EF4A75}"
EndProject
Project("{9A19103F-16F7-4668-BE54-9A1E7A4F7556}") = "MatrixMultiply", "MatrixMultiply\MatrixMultiply.csproj", "{F40DC454-A3D0-4540-BC7C-7CF5CD698DE0}"
EndProject
Project("{9A19103F-16F7-4668-BE54-9A1E7A4F7556}") = "MatrixTranspose", "MatrixTranspose\MatrixTranspose.csproj", "{3CF45F6C-B245-407E-B36B-1135DB195008}"
EndProject
Project("{9A19103F-16F7-4668-BE54-9A1E7A4F7556}") = "MatrixSparse", "MatrixSparse\MatrixSparse.csproj", "{B1442771-4DF2-4F1E-9A21-9894EC8AD810}"
EndProject
Project("{2150E333-8FDC-42A3-9474-1A3956D46DE8}") = "ImplementationLinkedList", "ImplementationLinkedList", "{7CE6D40C-7A9F-463F-878E-2E36E6F95E32}"
EndProject
Project("{9A19103F-16F7-4668-BE54-9A1E7A4F7556}") = "LinkedListInsert", "LinkedListInsert\LinkedListInsert.csproj", "{A2B0D6BA-C19F-46A9-958C-7D423D3423C7}"
EndProject
Project("{9A19103F-16F7-4668-BE54-9A1E7A4F7556}") = "LinkedListDelete", "LinkedListDelete\LinkedListDelete.csproj", "{AD45B3D4-7D01-421C-A0C7-C03FCDF17A14}"
EndProject
Project("{9A19103F-16F7-4668-BE54-9A1E7A4F7556}") = "LinkedListReverse", "LinkedListReverse\LinkedListReverse.csproj", "{8895B3D4-7980-4559-9B6C-80B3A0FF7C42}"
EndProject
Project("{2150E333-8FDC-42A3-9474-1A3956D46DE8}") = "ImplementationTree", "ImplementationTree", "{DD2114DB-8201-495F-886E-90297B78BC22}"
EndProject
Project("{FAE04EC0-301F-11D3-BF4B-00C04F79EFBC}") = "ArrayImplementationOfTree", "ArrayImplementationOfTree\ArrayImplementationOfTree.csproj", "{CB053225-7355-493C-A94C-08DBB105E6FB}"
EndProject
Project("{FAE04EC0-301F-11D3-BF4B-00C04F79EFBC}") = "LinkedListImplementationOfTree", "LinkedListImplementationOfTree\LinkedListImplementationOfTree.csproj", "{8A3748FB-0F75-47CD-BAC4-743FB1C98076}"
EndProject
Project("{FAE04EC0-301F-11D3-BF4B-00C04F79EFBC}") = "BinaryTreeTraversal", "BinaryTreeTraversal\BinaryTreeTraversal.csproj", "{1778F77D-D90B-4D9C-85D6-882A17DB078A}"
EndProject
Project("{FAE04EC0-301F-11D3-BF4B-00C04F79EFBC}") = "BinarySearchTree", "BinarySearchTree\BinarySearchTree.csproj", "{7CFFD801-455D-4B12-BB7B-F681EDA51259}"
EndProject
Project("{FAE04EC0-301F-11D3-BF4B-00C04F79EFBC}") = "BinaryTreeInsert", "BinaryTreeInsert\BinaryTreeInsert.csproj", "{C19AA15E-4B36-41A3-93EB-0851AAC07D3F}"
EndProject
Project("{FAE04EC0-301F-11D3-BF4B-00C04F79EFBC}") = "BinarySortTree", "BinarySortTree\BinarySortTree.csproj", "{A3BD137D-EECB-4235-88F1-1DC45D9C81EA}"
EndProject
Global
	GlobalSection(SolutionConfigurationPlatforms) = preSolution
		Debug|Any CPU = Debug|Any CPU
		Release|Any CPU = Release|Any CPU
	EndGlobalSection
	GlobalSection(ProjectConfigurationPlatforms) = postSolution
		{1332C4C5-7957-4FF0-A76D-102E21FBC6B2}.Debug|Any CPU.ActiveCfg = Debug|Any CPU
		{1332C4C5-7957-4FF0-A76D-102E21FBC6B2}.Debug|Any CPU.Build.0 = Debug|Any CPU
		{1332C4C5-7957-4FF0-A76D-102E21FBC6B2}.Release|Any CPU.ActiveCfg = Release|Any CPU
		{1332C4C5-7957-4FF0-A76D-102E21FBC6B2}.Release|Any CPU.Build.0 = Release|Any CPU
		{4AC889B1-9F8B-410B-97A1-B0D15869BFD6}.Debug|Any CPU.ActiveCfg = Debug|Any CPU
		{4AC889B1-9F8B-410B-97A1-B0D15869BFD6}.Debug|Any CPU.Build.0 = Debug|Any CPU
		{4AC889B1-9F8B-410B-97A1-B0D15869BFD6}.Release|Any CPU.ActiveCfg = Release|Any CPU
		{4AC889B1-9F8B-410B-97A1-B0D15869BFD6}.Release|Any CPU.Build.0 = Release|Any CPU
		{B403D5E3-F527-4594-8157-0FAD1D5F59F4}.Debug|Any CPU.ActiveCfg = Debug|Any CPU
		{B403D5E3-F527-4594-8157-0FAD1D5F59F4}.Debug|Any CPU.Build.0 = Debug|Any CPU
		{B403D5E3-F527-4594-8157-0FAD1D5F59F4}.Release|Any CPU.ActiveCfg = Release|Any CPU
		{B403D5E3-F527-4594-8157-0FAD1D5F59F4}.Release|Any CPU.Build.0 = Release|Any CPU
		{F7E35C58-31AC-44BA-B481-2F5C1E579066}.Debug|Any CPU.ActiveCfg = Debug|Any CPU
		{F7E35C58-31AC-44BA-B481-2F5C1E579066}.Debug|Any CPU.Build.0 = Debug|Any CPU
		{F7E35C58-31AC-44BA-B481-2F5C1E579066}.Release|Any CPU.ActiveCfg = Release|Any CPU
		{F7E35C58-31AC-44BA-B481-2F5C1E579066}.Release|Any CPU.Build.0 = Release|Any CPU
		{81A3A4FA-CB20-441B-9552-551238C4FCAD}.Debug|Any CPU.ActiveCfg = Debug|Any CPU
		{81A3A4FA-CB20-441B-9552-551238C4FCAD}.Debug|Any CPU.Build.0 = Debug|Any CPU
		{81A3A4FA-CB20-441B-9552-551238C4FCAD}.Release|Any CPU.ActiveCfg = Release|Any CPU
		{81A3A4FA-CB20-441B-9552-551238C4FCAD}.Release|Any CPU.Build.0 = Release|Any CPU
		{B77FE7AC-2B68-442E-B48F-5EF88A1025DA}.Debug|Any CPU.ActiveCfg = Debug|Any CPU
		{B77FE7AC-2B68-442E-B48F-5EF88A1025DA}.Debug|Any CPU.Build.0 = Debug|Any CPU
		{B77FE7AC-2B68-442E-B48F-5EF88A1025DA}.Release|Any CPU.ActiveCfg = Release|Any CPU
		{B77FE7AC-2B68-442E-B48F-5EF88A1025DA}.Release|Any CPU.Build.0 = Release|Any CPU
		{E7FE7996-233B-47BC-B6E6-F93314DAB337}.Debug|Any CPU.ActiveCfg = Debug|Any CPU
		{E7FE7996-233B-47BC-B6E6-F93314DAB337}.Debug|Any CPU.Build.0 = Debug|Any CPU
		{E7FE7996-233B-47BC-B6E6-F93314DAB337}.Release|Any CPU.ActiveCfg = Release|Any CPU
		{E7FE7996-233B-47BC-B6E6-F93314DAB337}.Release|Any CPU.Build.0 = Release|Any CPU
		{8D26B6A7-34A0-474C-A1C1-4229EE2A3A1F}.Debug|Any CPU.ActiveCfg = Debug|Any CPU
		{8D26B6A7-34A0-474C-A1C1-4229EE2A3A1F}.Debug|Any CPU.Build.0 = Debug|Any CPU
		{8D26B6A7-34A0-474C-A1C1-4229EE2A3A1F}.Release|Any CPU.ActiveCfg = Release|Any CPU
		{8D26B6A7-34A0-474C-A1C1-4229EE2A3A1F}.Release|Any CPU.Build.0 = Release|Any CPU
		{CFB3B724-2C21-44DC-ACDE-B4EE99D5E608}.Debug|Any CPU.ActiveCfg = Debug|Any CPU
		{CFB3B724-2C21-44DC-ACDE-B4EE99D5E608}.Debug|Any CPU.Build.0 = Debug|Any CPU
		{CFB3B724-2C21-44DC-ACDE-B4EE99D5E608}.Release|Any CPU.ActiveCfg = Release|Any CPU
		{CFB3B724-2C21-44DC-ACDE-B4EE99D5E608}.Release|Any CPU.Build.0 = Release|Any CPU
		{720A41DF-CD91-449F-AA88-97ADF78FA32E}.Debug|Any CPU.ActiveCfg = Debug|Any CPU
		{720A41DF-CD91-449F-AA88-97ADF78FA32E}.Debug|Any CPU.Build.0 = Debug|Any CPU
		{720A41DF-CD91-449F-AA88-97ADF78FA32E}.Release|Any CPU.ActiveCfg = Release|Any CPU
		{720A41DF-CD91-449F-AA88-97ADF78FA32E}.Release|Any CPU.Build.0 = Release|Any CPU
		{C37E850D-560C-4FA9-8D54-CC939153DAB7}.Debug|Any CPU.ActiveCfg = Debug|Any CPU
		{C37E850D-560C-4FA9-8D54-CC939153DAB7}.Debug|Any CPU.Build.0 = Debug|Any CPU
		{C37E850D-560C-4FA9-8D54-CC939153DAB7}.Release|Any CPU.ActiveCfg = Release|Any CPU
		{C37E850D-560C-4FA9-8D54-CC939153DAB7}.Release|Any CPU.Build.0 = Release|Any CPU
		{B908D900-03E1-4544-B92E-A662E38D84F4}.Debug|Any CPU.ActiveCfg = Debug|Any CPU
		{B908D900-03E1-4544-B92E-A662E38D84F4}.Debug|Any CPU.Build.0 = Debug|Any CPU
		{B908D900-03E1-4544-B92E-A662E38D84F4}.Release|Any CPU.ActiveCfg = Release|Any CPU
		{B908D900-03E1-4544-B92E-A662E38D84F4}.Release|Any CPU.Build.0 = Release|Any CPU
		{1D6A4363-A440-4FDC-B5B8-370CC959EC02}.Debug|Any CPU.ActiveCfg = Debug|Any CPU
		{1D6A4363-A440-4FDC-B5B8-370CC959EC02}.Debug|Any CPU.Build.0 = Debug|Any CPU
		{1D6A4363-A440-4FDC-B5B8-370CC959EC02}.Release|Any CPU.ActiveCfg = Release|Any CPU
		{1D6A4363-A440-4FDC-B5B8-370CC959EC02}.Release|Any CPU.Build.0 = Release|Any CPU
		{8EF3F7BD-94DC-4DA0-9F31-F5A27A617A9F}.Debug|Any CPU.ActiveCfg = Debug|Any CPU
		{8EF3F7BD-94DC-4DA0-9F31-F5A27A617A9F}.Debug|Any CPU.Build.0 = Debug|Any CPU
		{8EF3F7BD-94DC-4DA0-9F31-F5A27A617A9F}.Release|Any CPU.ActiveCfg = Release|Any CPU
		{8EF3F7BD-94DC-4DA0-9F31-F5A27A617A9F}.Release|Any CPU.Build.0 = Release|Any CPU
		{93C0D236-D62D-4F79-8BE9-891753A95F38}.Debug|Any CPU.ActiveCfg = Debug|Any CPU
		{93C0D236-D62D-4F79-8BE9-891753A95F38}.Debug|Any CPU.Build.0 = Debug|Any CPU
		{93C0D236-D62D-4F79-8BE9-891753A95F38}.Release|Any CPU.ActiveCfg = Release|Any CPU
		{93C0D236-D62D-4F79-8BE9-891753A95F38}.Release|Any CPU.Build.0 = Release|Any CPU
		{2F6EFEF5-3D2A-4BC7-A76F-E4D757DE63AA}.Debug|Any CPU.ActiveCfg = Debug|Any CPU
		{2F6EFEF5-3D2A-4BC7-A76F-E4D757DE63AA}.Debug|Any CPU.Build.0 = Debug|Any CPU
		{2F6EFEF5-3D2A-4BC7-A76F-E4D757DE63AA}.Release|Any CPU.ActiveCfg = Release|Any CPU
		{2F6EFEF5-3D2A-4BC7-A76F-E4D757DE63AA}.Release|Any CPU.Build.0 = Release|Any CPU
		{ED1EBD6D-498A-47E8-A730-89FC60B940BA}.Debug|Any CPU.ActiveCfg = Debug|Any CPU
		{ED1EBD6D-498A-47E8-A730-89FC60B940BA}.Debug|Any CPU.Build.0 = Debug|Any CPU
		{ED1EBD6D-498A-47E8-A730-89FC60B940BA}.Release|Any CPU.ActiveCfg = Release|Any CPU
		{ED1EBD6D-498A-47E8-A730-89FC60B940BA}.Release|Any CPU.Build.0 = Release|Any CPU
		{CA634775-0B6A-4E61-A0FD-AC4D59E773A4}.Debug|Any CPU.ActiveCfg = Debug|Any CPU
		{CA634775-0B6A-4E61-A0FD-AC4D59E773A4}.Debug|Any CPU.Build.0 = Debug|Any CPU
		{CA634775-0B6A-4E61-A0FD-AC4D59E773A4}.Release|Any CPU.ActiveCfg = Release|Any CPU
		{CA634775-0B6A-4E61-A0FD-AC4D59E773A4}.Release|Any CPU.Build.0 = Release|Any CPU
		{5E87A0E5-42FE-42D8-8809-A8DE0A647697}.Debug|Any CPU.ActiveCfg = Debug|Any CPU
		{5E87A0E5-42FE-42D8-8809-A8DE0A647697}.Debug|Any CPU.Build.0 = Debug|Any CPU
		{5E87A0E5-42FE-42D8-8809-A8DE0A647697}.Release|Any CPU.ActiveCfg = Release|Any CPU
		{5E87A0E5-42FE-42D8-8809-A8DE0A647697}.Release|Any CPU.Build.0 = Release|Any CPU
		{1A8146AC-73B3-42A8-9E78-445A75B047D4}.Debug|Any CPU.ActiveCfg = Debug|Any CPU
		{1A8146AC-73B3-42A8-9E78-445A75B047D4}.Debug|Any CPU.Build.0 = Debug|Any CPU
		{1A8146AC-73B3-42A8-9E78-445A75B047D4}.Release|Any CPU.ActiveCfg = Release|Any CPU
		{1A8146AC-73B3-42A8-9E78-445A75B047D4}.Release|Any CPU.Build.0 = Release|Any CPU
		{3843FF36-077C-41C3-96F8-B58C882D6BB6}.Debug|Any CPU.ActiveCfg = Debug|Any CPU
		{3843FF36-077C-41C3-96F8-B58C882D6BB6}.Debug|Any CPU.Build.0 = Debug|Any CPU
		{3843FF36-077C-41C3-96F8-B58C882D6BB6}.Release|Any CPU.ActiveCfg = Release|Any CPU
		{3843FF36-077C-41C3-96F8-B58C882D6BB6}.Release|Any CPU.Build.0 = Release|Any CPU
		{9073EC0E-67AD-4B30-9545-F1CA78EF4A75}.Debug|Any CPU.ActiveCfg = Debug|Any CPU
		{9073EC0E-67AD-4B30-9545-F1CA78EF4A75}.Debug|Any CPU.Build.0 = Debug|Any CPU
		{9073EC0E-67AD-4B30-9545-F1CA78EF4A75}.Release|Any CPU.ActiveCfg = Release|Any CPU
		{9073EC0E-67AD-4B30-9545-F1CA78EF4A75}.Release|Any CPU.Build.0 = Release|Any CPU
		{F40DC454-A3D0-4540-BC7C-7CF5CD698DE0}.Debug|Any CPU.ActiveCfg = Debug|Any CPU
		{F40DC454-A3D0-4540-BC7C-7CF5CD698DE0}.Debug|Any CPU.Build.0 = Debug|Any CPU
		{F40DC454-A3D0-4540-BC7C-7CF5CD698DE0}.Release|Any CPU.ActiveCfg = Release|Any CPU
		{F40DC454-A3D0-4540-BC7C-7CF5CD698DE0}.Release|Any CPU.Build.0 = Release|Any CPU
		{3CF45F6C-B245-407E-B36B-1135DB195008}.Debug|Any CPU.ActiveCfg = Debug|Any CPU
		{3CF45F6C-B245-407E-B36B-1135DB195008}.Debug|Any CPU.Build.0 = Debug|Any CPU
		{3CF45F6C-B245-407E-B36B-1135DB195008}.Release|Any CPU.ActiveCfg = Release|Any CPU
		{3CF45F6C-B245-407E-B36B-1135DB195008}.Release|Any CPU.Build.0 = Release|Any CPU
		{B1442771-4DF2-4F1E-9A21-9894EC8AD810}.Debug|Any CPU.ActiveCfg = Debug|Any CPU
		{B1442771-4DF2-4F1E-9A21-9894EC8AD810}.Debug|Any CPU.Build.0 = Debug|Any CPU
		{B1442771-4DF2-4F1E-9A21-9894EC8AD810}.Release|Any CPU.ActiveCfg = Release|Any CPU
		{B1442771-4DF2-4F1E-9A21-9894EC8AD810}.Release|Any CPU.Build.0 = Release|Any CPU
		{A2B0D6BA-C19F-46A9-958C-7D423D3423C7}.Debug|Any CPU.ActiveCfg = Debug|Any CPU
		{A2B0D6BA-C19F-46A9-958C-7D423D3423C7}.Debug|Any CPU.Build.0 = Debug|Any CPU
		{A2B0D6BA-C19F-46A9-958C-7D423D3423C7}.Release|Any CPU.ActiveCfg = Release|Any CPU
		{A2B0D6BA-C19F-46A9-958C-7D423D3423C7}.Release|Any CPU.Build.0 = Release|Any CPU
		{AD45B3D4-7D01-421C-A0C7-C03FCDF17A14}.Debug|Any CPU.ActiveCfg = Debug|Any CPU
		{AD45B3D4-7D01-421C-A0C7-C03FCDF17A14}.Debug|Any CPU.Build.0 = Debug|Any CPU
		{AD45B3D4-7D01-421C-A0C7-C03FCDF17A14}.Release|Any CPU.ActiveCfg = Release|Any CPU
		{AD45B3D4-7D01-421C-A0C7-C03FCDF17A14}.Release|Any CPU.Build.0 = Release|Any CPU
		{8895B3D4-7980-4559-9B6C-80B3A0FF7C42}.Debug|Any CPU.ActiveCfg = Debug|Any CPU
		{8895B3D4-7980-4559-9B6C-80B3A0FF7C42}.Debug|Any CPU.Build.0 = Debug|Any CPU
		{8895B3D4-7980-4559-9B6C-80B3A0FF7C42}.Release|Any CPU.ActiveCfg = Release|Any CPU
		{8895B3D4-7980-4559-9B6C-80B3A0FF7C42}.Release|Any CPU.Build.0 = Release|Any CPU
		{CB053225-7355-493C-A94C-08DBB105E6FB}.Debug|Any CPU.ActiveCfg = Debug|Any CPU
		{CB053225-7355-493C-A94C-08DBB105E6FB}.Debug|Any CPU.Build.0 = Debug|Any CPU
		{CB053225-7355-493C-A94C-08DBB105E6FB}.Release|Any CPU.ActiveCfg = Release|Any CPU
		{CB053225-7355-493C-A94C-08DBB105E6FB}.Release|Any CPU.Build.0 = Release|Any CPU
		{8A3748FB-0F75-47CD-BAC4-743FB1C98076}.Debug|Any CPU.ActiveCfg = Debug|Any CPU
		{8A3748FB-0F75-47CD-BAC4-743FB1C98076}.Debug|Any CPU.Build.0 = Debug|Any CPU
		{8A3748FB-0F75-47CD-BAC4-743FB1C98076}.Release|Any CPU.ActiveCfg = Release|Any CPU
		{8A3748FB-0F75-47CD-BAC4-743FB1C98076}.Release|Any CPU.Build.0 = Release|Any CPU
		{1778F77D-D90B-4D9C-85D6-882A17DB078A}.Debug|Any CPU.ActiveCfg = Debug|Any CPU
		{1778F77D-D90B-4D9C-85D6-882A17DB078A}.Debug|Any CPU.Build.0 = Debug|Any CPU
		{1778F77D-D90B-4D9C-85D6-882A17DB078A}.Release|Any CPU.ActiveCfg = Release|Any CPU
		{1778F77D-D90B-4D9C-85D6-882A17DB078A}.Release|Any CPU.Build.0 = Release|Any CPU
		{7CFFD801-455D-4B12-BB7B-F681EDA51259}.Debug|Any CPU.ActiveCfg = Debug|Any CPU
		{7CFFD801-455D-4B12-BB7B-F681EDA51259}.Debug|Any CPU.Build.0 = Debug|Any CPU
		{7CFFD801-455D-4B12-BB7B-F681EDA51259}.Release|Any CPU.ActiveCfg = Release|Any CPU
		{7CFFD801-455D-4B12-BB7B-F681EDA51259}.Release|Any CPU.Build.0 = Release|Any CPU
		{C19AA15E-4B36-41A3-93EB-0851AAC07D3F}.Debug|Any CPU.ActiveCfg = Debug|Any CPU
		{C19AA15E-4B36-41A3-93EB-0851AAC07D3F}.Debug|Any CPU.Build.0 = Debug|Any CPU
		{C19AA15E-4B36-41A3-93EB-0851AAC07D3F}.Release|Any CPU.ActiveCfg = Release|Any CPU
		{C19AA15E-4B36-41A3-93EB-0851AAC07D3F}.Release|Any CPU.Build.0 = Release|Any CPU
		{A3BD137D-EECB-4235-88F1-1DC45D9C81EA}.Debug|Any CPU.ActiveCfg = Debug|Any CPU
		{A3BD137D-EECB-4235-88F1-1DC45D9C81EA}.Debug|Any CPU.Build.0 = Debug|Any CPU
		{A3BD137D-EECB-4235-88F1-1DC45D9C81EA}.Release|Any CPU.ActiveCfg = Release|Any CPU
		{A3BD137D-EECB-4235-88F1-1DC45D9C81EA}.Release|Any CPU.Build.0 = Release|Any CPU
	EndGlobalSection
	GlobalSection(SolutionProperties) = preSolution
		HideSolutionNode = FALSE
	EndGlobalSection
	GlobalSection(NestedProjects) = preSolution
		{1332C4C5-7957-4FF0-A76D-102E21FBC6B2} = {CB55527D-0A59-4AC5-A46F-A10C273A4561}
		{4AC889B1-9F8B-410B-97A1-B0D15869BFD6} = {CB55527D-0A59-4AC5-A46F-A10C273A4561}
		{B403D5E3-F527-4594-8157-0FAD1D5F59F4} = {CB55527D-0A59-4AC5-A46F-A10C273A4561}
		{F7E35C58-31AC-44BA-B481-2F5C1E579066} = {75876B58-A2BB-4554-B8EE-72F5B02DE18A}
		{81A3A4FA-CB20-441B-9552-551238C4FCAD} = {75876B58-A2BB-4554-B8EE-72F5B02DE18A}
		{B77FE7AC-2B68-442E-B48F-5EF88A1025DA} = {75876B58-A2BB-4554-B8EE-72F5B02DE18A}
		{E7FE7996-233B-47BC-B6E6-F93314DAB337} = {75876B58-A2BB-4554-B8EE-72F5B02DE18A}
		{8D26B6A7-34A0-474C-A1C1-4229EE2A3A1F} = {75876B58-A2BB-4554-B8EE-72F5B02DE18A}
		{CFB3B724-2C21-44DC-ACDE-B4EE99D5E608} = {75876B58-A2BB-4554-B8EE-72F5B02DE18A}
		{720A41DF-CD91-449F-AA88-97ADF78FA32E} = {75876B58-A2BB-4554-B8EE-72F5B02DE18A}
		{C37E850D-560C-4FA9-8D54-CC939153DAB7} = {75876B58-A2BB-4554-B8EE-72F5B02DE18A}
		{B908D900-03E1-4544-B92E-A662E38D84F4} = {9BE0628F-1CE6-4C96-B1AE-77A6486F82B8}
		{1D6A4363-A440-4FDC-B5B8-370CC959EC02} = {9BE0628F-1CE6-4C96-B1AE-77A6486F82B8}
		{8EF3F7BD-94DC-4DA0-9F31-F5A27A617A9F} = {9BE0628F-1CE6-4C96-B1AE-77A6486F82B8}
		{93C0D236-D62D-4F79-8BE9-891753A95F38} = {9BE0628F-1CE6-4C96-B1AE-77A6486F82B8}
		{2F6EFEF5-3D2A-4BC7-A76F-E4D757DE63AA} = {057F9178-A404-45FD-B8B7-5AF0B8E02EFF}
		{ED1EBD6D-498A-47E8-A730-89FC60B940BA} = {057F9178-A404-45FD-B8B7-5AF0B8E02EFF}
		{CA634775-0B6A-4E61-A0FD-AC4D59E773A4} = {9BE0628F-1CE6-4C96-B1AE-77A6486F82B8}
		{5E87A0E5-42FE-42D8-8809-A8DE0A647697} = {DE23A0CF-8014-4DE5-A2A2-CBE6C32F6D38}
		{1A8146AC-73B3-42A8-9E78-445A75B047D4} = {DE23A0CF-8014-4DE5-A2A2-CBE6C32F6D38}
		{3843FF36-077C-41C3-96F8-B58C882D6BB6} = {9E5569C5-57E4-4F7D-9368-9B9DD9C840CA}
		{9073EC0E-67AD-4B30-9545-F1CA78EF4A75} = {9E5569C5-57E4-4F7D-9368-9B9DD9C840CA}
		{F40DC454-A3D0-4540-BC7C-7CF5CD698DE0} = {9E5569C5-57E4-4F7D-9368-9B9DD9C840CA}
		{3CF45F6C-B245-407E-B36B-1135DB195008} = {9E5569C5-57E4-4F7D-9368-9B9DD9C840CA}
		{B1442771-4DF2-4F1E-9A21-9894EC8AD810} = {9E5569C5-57E4-4F7D-9368-9B9DD9C840CA}
		{A2B0D6BA-C19F-46A9-958C-7D423D3423C7} = {7CE6D40C-7A9F-463F-878E-2E36E6F95E32}
		{AD45B3D4-7D01-421C-A0C7-C03FCDF17A14} = {7CE6D40C-7A9F-463F-878E-2E36E6F95E32}
		{8895B3D4-7980-4559-9B6C-80B3A0FF7C42} = {7CE6D40C-7A9F-463F-878E-2E36E6F95E32}
		{CB053225-7355-493C-A94C-08DBB105E6FB} = {DD2114DB-8201-495F-886E-90297B78BC22}
		{8A3748FB-0F75-47CD-BAC4-743FB1C98076} = {DD2114DB-8201-495F-886E-90297B78BC22}
		{1778F77D-D90B-4D9C-85D6-882A17DB078A} = {DD2114DB-8201-495F-886E-90297B78BC22}
		{7CFFD801-455D-4B12-BB7B-F681EDA51259} = {DD2114DB-8201-495F-886E-90297B78BC22}
		{C19AA15E-4B36-41A3-93EB-0851AAC07D3F} = {DD2114DB-8201-495F-886E-90297B78BC22}
		{A3BD137D-EECB-4235-88F1-1DC45D9C81EA} = {DD2114DB-8201-495F-886E-90297B78BC22}
	EndGlobalSection
	GlobalSection(ExtensibilityGlobals) = postSolution
		SolutionGuid = {7F58DDB3-8273-4EE6-9243-1D2971C1BED1}
	EndGlobalSection
EndGlobal
